
Microsoft Visual Studio Solution File, Format Version 12.00
Project("{FAE04EC0-301F-11D3-BF4B-00C04F79EFBC}") = "BackgammonBot", "BackgammonBot\BackgammonBot.csproj", "{A7DBBC47-12C0-4D67-85E5-2FA154FBE61A}"
EndProject
Global
	GlobalSection(SolutionConfigurationPlatforms) = preSolution
		Debug|Any CPU = Debug|Any CPU
		Release|Any CPU = Release|Any CPU
	EndGlobalSection
	GlobalSection(ProjectConfigurationPlatforms) = postSolution
		{A7DBBC47-12C0-4D67-85E5-2FA154FBE61A}.Debug|Any CPU.ActiveCfg = Debug|Any CPU
		{A7DBBC47-12C0-4D67-85E5-2FA154FBE61A}.Debug|Any CPU.Build.0 = Debug|Any CPU
		{A7DBBC47-12C0-4D67-85E5-2FA154FBE61A}.Release|Any CPU.ActiveCfg = Release|Any CPU
		{A7DBBC47-12C0-4D67-85E5-2FA154FBE61A}.Release|Any CPU.Build.0 = Release|Any CPU
	EndGlobalSection
EndGlobal
